
Microsoft Visual Studio Solution File, Format Version 12.00
# Visual Studio Version 16
VisualStudioVersion = 16.0.32630.194
MinimumVisualStudioVersion = 10.0.40219.1
Project("{FAE04EC0-301F-11D3-BF4B-00C04F79EFBC}") = "Conversor de Temperatura", "Conversor de Temperatura.csproj", "{92BEE630-B595-4D34-8E02-1DCF39B8B6E7}"
EndProject
Global
	GlobalSection(SolutionConfigurationPlatforms) = preSolution
		Debug|Any CPU = Debug|Any CPU
		Release|Any CPU = Release|Any CPU
	EndGlobalSection
	GlobalSection(ProjectConfigurationPlatforms) = postSolution
		{92BEE630-B595-4D34-8E02-1DCF39B8B6E7}.Debug|Any CPU.ActiveCfg = Debug|Any CPU
		{92BEE630-B595-4D34-8E02-1DCF39B8B6E7}.Debug|Any CPU.Build.0 = Debug|Any CPU
		{92BEE630-B595-4D34-8E02-1DCF39B8B6E7}.Release|Any CPU.ActiveCfg = Release|Any CPU
		{92BEE630-B595-4D34-8E02-1DCF39B8B6E7}.Release|Any CPU.Build.0 = Release|Any CPU
	EndGlobalSection
	GlobalSection(SolutionProperties) = preSolution
		HideSolutionNode = FALSE
	EndGlobalSection
	GlobalSection(ExtensibilityGlobals) = postSolution
		SolutionGuid = {A1E5E35B-278D-4ABD-B2E0-6CD8F13F0037}
	EndGlobalSection
EndGlobal
